// !$*UTF8*$!
{
	archiveVersion = 1;
	classes = {
	};
	objectVersion = 56;
	objects = {

/* Begin PBXBuildFile section */
		0282DA082A88182D00C5BFC4 /* AppDelegate.swift in Sources */ = {isa = PBXBuildFile; fileRef = 0282DA072A88182D00C5BFC4 /* AppDelegate.swift */; };
		0282DA0A2A88182D00C5BFC4 /* SceneDelegate.swift in Sources */ = {isa = PBXBuildFile; fileRef = 0282DA092A88182D00C5BFC4 /* SceneDelegate.swift */; };
		0282DA0F2A88182D00C5BFC4 /* Main.storyboard in Resources */ = {isa = PBXBuildFile; fileRef = 0282DA0D2A88182D00C5BFC4 /* Main.storyboard */; };
		0282DA112A88182E00C5BFC4 /* Assets.xcassets in Resources */ = {isa = PBXBuildFile; fileRef = 0282DA102A88182E00C5BFC4 /* Assets.xcassets */; };
		0282DA142A88182E00C5BFC4 /* LaunchScreen.storyboard in Resources */ = {isa = PBXBuildFile; fileRef = 0282DA122A88182E00C5BFC4 /* LaunchScreen.storyboard */; };
		0282DA222A8820CA00C5BFC4 /* MainTabController.swift in Sources */ = {isa = PBXBuildFile; fileRef = 0282DA212A8820CA00C5BFC4 /* MainTabController.swift */; };
		0282DA242A892C2600C5BFC4 /* FeedController.swift in Sources */ = {isa = PBXBuildFile; fileRef = 0282DA232A892C2600C5BFC4 /* FeedController.swift */; };
		0282DA262A892C8100C5BFC4 /* ExploreController.swift in Sources */ = {isa = PBXBuildFile; fileRef = 0282DA252A892C8100C5BFC4 /* ExploreController.swift */; };
		0282DA282A892C9400C5BFC4 /* NotificationController.swift in Sources */ = {isa = PBXBuildFile; fileRef = 0282DA272A892C9400C5BFC4 /* NotificationController.swift */; };
		0282DA2A2A892CB000C5BFC4 /* ConversationsController.swift in Sources */ = {isa = PBXBuildFile; fileRef = 0282DA292A892CB000C5BFC4 /* ConversationsController.swift */; };
/* End PBXBuildFile section */

/* Begin PBXFileReference section */
		0282DA042A88182D00C5BFC4 /* TwitterTutorial.app */ = {isa = PBXFileReference; explicitFileType = wrapper.application; includeInIndex = 0; path = TwitterTutorial.app; sourceTree = BUILT_PRODUCTS_DIR; };
		0282DA072A88182D00C5BFC4 /* AppDelegate.swift */ = {isa = PBXFileReference; lastKnownFileType = sourcecode.swift; path = AppDelegate.swift; sourceTree = "<group>"; };
		0282DA092A88182D00C5BFC4 /* SceneDelegate.swift */ = {isa = PBXFileReference; lastKnownFileType = sourcecode.swift; path = SceneDelegate.swift; sourceTree = "<group>"; };
		0282DA0E2A88182D00C5BFC4 /* Base */ = {isa = PBXFileReference; lastKnownFileType = file.storyboard; name = Base; path = Base.lproj/Main.storyboard; sourceTree = "<group>"; };
		0282DA102A88182E00C5BFC4 /* Assets.xcassets */ = {isa = PBXFileReference; lastKnownFileType = folder.assetcatalog; path = Assets.xcassets; sourceTree = "<group>"; };
		0282DA132A88182E00C5BFC4 /* Base */ = {isa = PBXFileReference; lastKnownFileType = file.storyboard; name = Base; path = Base.lproj/LaunchScreen.storyboard; sourceTree = "<group>"; };
		0282DA152A88182E00C5BFC4 /* Info.plist */ = {isa = PBXFileReference; lastKnownFileType = text.plist.xml; path = Info.plist; sourceTree = "<group>"; };
		0282DA212A8820CA00C5BFC4 /* MainTabController.swift */ = {isa = PBXFileReference; lastKnownFileType = sourcecode.swift; path = MainTabController.swift; sourceTree = "<group>"; };
		0282DA232A892C2600C5BFC4 /* FeedController.swift */ = {isa = PBXFileReference; lastKnownFileType = sourcecode.swift; path = FeedController.swift; sourceTree = "<group>"; };
		0282DA252A892C8100C5BFC4 /* ExploreController.swift */ = {isa = PBXFileReference; lastKnownFileType = sourcecode.swift; path = ExploreController.swift; sourceTree = "<group>"; };
		0282DA272A892C9400C5BFC4 /* NotificationController.swift */ = {isa = PBXFileReference; lastKnownFileType = sourcecode.swift; path = NotificationController.swift; sourceTree = "<group>"; };
		0282DA292A892CB000C5BFC4 /* ConversationsController.swift */ = {isa = PBXFileReference; lastKnownFileType = sourcecode.swift; path = ConversationsController.swift; sourceTree = "<group>"; };
/* End PBXFileReference section */

/* Begin PBXFrameworksBuildPhase section */
		0282DA012A88182D00C5BFC4 /* Frameworks */ = {
			isa = PBXFrameworksBuildPhase;
			buildActionMask = 2147483647;
			files = (
			);
			runOnlyForDeploymentPostprocessing = 0;
		};
/* End PBXFrameworksBuildPhase section */

/* Begin PBXGroup section */
		0282D9FB2A88182D00C5BFC4 = {
			isa = PBXGroup;
			children = (
				0282DA062A88182D00C5BFC4 /* TwitterTutorial */,
				0282DA052A88182D00C5BFC4 /* Products */,
			);
			sourceTree = "<group>";
		};
		0282DA052A88182D00C5BFC4 /* Products */ = {
			isa = PBXGroup;
			children = (
				0282DA042A88182D00C5BFC4 /* TwitterTutorial.app */,
			);
			name = Products;
			sourceTree = "<group>";
		};
		0282DA062A88182D00C5BFC4 /* TwitterTutorial */ = {
			isa = PBXGroup;
			children = (
				0282DA202A881C2C00C5BFC4 /* Model */,
				0282DA1F2A881C2800C5BFC4 /* View */,
				0282DA1E2A881C2500C5BFC4 /* ViewModel */,
				0282DA1D2A881C0A00C5BFC4 /* Controller */,
				0282DA1C2A881C0200C5BFC4 /* API */,
				0282DA1B2A881BDB00C5BFC4 /* Utils */,
				0282DA072A88182D00C5BFC4 /* AppDelegate.swift */,
				0282DA092A88182D00C5BFC4 /* SceneDelegate.swift */,
				0282DA0D2A88182D00C5BFC4 /* Main.storyboard */,
				0282DA102A88182E00C5BFC4 /* Assets.xcassets */,
				0282DA122A88182E00C5BFC4 /* LaunchScreen.storyboard */,
				0282DA152A88182E00C5BFC4 /* Info.plist */,
			);
			path = TwitterTutorial;
			sourceTree = "<group>";
		};
		0282DA1B2A881BDB00C5BFC4 /* Utils */ = {
			isa = PBXGroup;
			children = (
			);
			path = Utils;
			sourceTree = "<group>";
		};
		0282DA1C2A881C0200C5BFC4 /* API */ = {
			isa = PBXGroup;
			children = (
			);
			path = API;
			sourceTree = "<group>";
		};
		0282DA1D2A881C0A00C5BFC4 /* Controller */ = {
			isa = PBXGroup;
			children = (
				0282DA212A8820CA00C5BFC4 /* MainTabController.swift */,
				0282DA232A892C2600C5BFC4 /* FeedController.swift */,
				0282DA252A892C8100C5BFC4 /* ExploreController.swift */,
				0282DA272A892C9400C5BFC4 /* NotificationController.swift */,
				0282DA292A892CB000C5BFC4 /* ConversationsController.swift */,
			);
			path = Controller;
			sourceTree = "<group>";
		};
		0282DA1E2A881C2500C5BFC4 /* ViewModel */ = {
			isa = PBXGroup;
			children = (
			);
			path = ViewModel;
			sourceTree = "<group>";
		};
		0282DA1F2A881C2800C5BFC4 /* View */ = {
			isa = PBXGroup;
			children = (
			);
			path = View;
			sourceTree = "<group>";
		};
		0282DA202A881C2C00C5BFC4 /* Model */ = {
			isa = PBXGroup;
			children = (
			);
			path = Model;
			sourceTree = "<group>";
		};
/* End PBXGroup section */

/* Begin PBXNativeTarget section */
		0282DA032A88182D00C5BFC4 /* TwitterTutorial */ = {
			isa = PBXNativeTarget;
			buildConfigurationList = 0282DA182A88182E00C5BFC4 /* Build configuration list for PBXNativeTarget "TwitterTutorial" */;
			buildPhases = (
				0282DA002A88182D00C5BFC4 /* Sources */,
				0282DA012A88182D00C5BFC4 /* Frameworks */,
				0282DA022A88182D00C5BFC4 /* Resources */,
			);
			buildRules = (
			);
			dependencies = (
			);
			name = TwitterTutorial;
			productName = TwitterTutorial;
			productReference = 0282DA042A88182D00C5BFC4 /* TwitterTutorial.app */;
			productType = "com.apple.product-type.application";
		};
/* End PBXNativeTarget section */

/* Begin PBXProject section */
		0282D9FC2A88182D00C5BFC4 /* Project object */ = {
			isa = PBXProject;
			attributes = {
				BuildIndependentTargetsInParallel = 1;
				LastSwiftUpdateCheck = 1410;
				LastUpgradeCheck = 1410;
				TargetAttributes = {
					0282DA032A88182D00C5BFC4 = {
						CreatedOnToolsVersion = 14.1;
					};
				};
			};
			buildConfigurationList = 0282D9FF2A88182D00C5BFC4 /* Build configuration list for PBXProject "TwitterTutorial" */;
			compatibilityVersion = "Xcode 14.0";
			developmentRegion = en;
			hasScannedForEncodings = 0;
			knownRegions = (
				en,
				Base,
			);
			mainGroup = 0282D9FB2A88182D00C5BFC4;
			productRefGroup = 0282DA052A88182D00C5BFC4 /* Products */;
			projectDirPath = "";
			projectRoot = "";
			targets = (
				0282DA032A88182D00C5BFC4 /* TwitterTutorial */,
			);
		};
/* End PBXProject section */

/* Begin PBXResourcesBuildPhase section */
		0282DA022A88182D00C5BFC4 /* Resources */ = {
			isa = PBXResourcesBuildPhase;
			buildActionMask = 2147483647;
			files = (
				0282DA142A88182E00C5BFC4 /* LaunchScreen.storyboard in Resources */,
				0282DA112A88182E00C5BFC4 /* Assets.xcassets in Resources */,
				0282DA0F2A88182D00C5BFC4 /* Main.storyboard in Resources */,
			);
			runOnlyForDeploymentPostprocessing = 0;
		};
/* End PBXResourcesBuildPhase section */

/* Begin PBXSourcesBuildPhase section */
		0282DA002A88182D00C5BFC4 /* Sources */ = {
			isa = PBXSourcesBuildPhase;
			buildActionMask = 2147483647;
			files = (
				0282DA282A892C9400C5BFC4 /* NotificationController.swift in Sources */,
				0282DA2A2A892CB000C5BFC4 /* ConversationsController.swift in Sources */,
				0282DA082A88182D00C5BFC4 /* AppDelegate.swift in Sources */,
				0282DA262A892C8100C5BFC4 /* ExploreController.swift in Sources */,
				0282DA0A2A88182D00C5BFC4 /* SceneDelegate.swift in Sources */,
				0282DA222A8820CA00C5BFC4 /* MainTabController.swift in Sources */,
				0282DA242A892C2600C5BFC4 /* FeedController.swift in Sources */,
			);
			runOnlyForDeploymentPostprocessing = 0;
		};
/* End PBXSourcesBuildPhase section */

/* Begin PBXVariantGroup section */
		0282DA0D2A88182D00C5BFC4 /* Main.storyboard */ = {
			isa = PBXVariantGroup;
			children = (
				0282DA0E2A88182D00C5BFC4 /* Base */,
			);
			name = Main.storyboard;
			sourceTree = "<group>";
		};
		0282DA122A88182E00C5BFC4 /* LaunchScreen.storyboard */ = {
			isa = PBXVariantGroup;
			children = (
				0282DA132A88182E00C5BFC4 /* Base */,
			);
			name = LaunchScreen.storyboard;
			sourceTree = "<group>";
		};
/* End PBXVariantGroup section */

/* Begin XCBuildConfiguration section */
		0282DA162A88182E00C5BFC4 /* Debug */ = {
			isa = XCBuildConfiguration;
			buildSettings = {
				ALWAYS_SEARCH_USER_PATHS = NO;
				CLANG_ANALYZER_NONNULL = YES;
				CLANG_ANALYZER_NUMBER_OBJECT_CONVERSION = YES_AGGRESSIVE;
				CLANG_CXX_LANGUAGE_STANDARD = "gnu++20";
				CLANG_ENABLE_MODULES = YES;
				CLANG_ENABLE_OBJC_ARC = YES;
				CLANG_ENABLE_OBJC_WEAK = YES;
				CLANG_WARN_BLOCK_CAPTURE_AUTORELEASING = YES;
				CLANG_WARN_BOOL_CONVERSION = YES;
				CLANG_WARN_COMMA = YES;
				CLANG_WARN_CONSTANT_CONVERSION = YES;
				CLANG_WARN_DEPRECATED_OBJC_IMPLEMENTATIONS = YES;
				CLANG_WARN_DIRECT_OBJC_ISA_USAGE = YES_ERROR;
				CLANG_WARN_DOCUMENTATION_COMMENTS = YES;
				CLANG_WARN_EMPTY_BODY = YES;
				CLANG_WARN_ENUM_CONVERSION = YES;
				CLANG_WARN_INFINITE_RECURSION = YES;
				CLANG_WARN_INT_CONVERSION = YES;
				CLANG_WARN_NON_LITERAL_NULL_CONVERSION = YES;
				CLANG_WARN_OBJC_IMPLICIT_RETAIN_SELF = YES;
				CLANG_WARN_OBJC_LITERAL_CONVERSION = YES;
				CLANG_WARN_OBJC_ROOT_CLASS = YES_ERROR;
				CLANG_WARN_QUOTED_INCLUDE_IN_FRAMEWORK_HEADER = YES;
				CLANG_WARN_RANGE_LOOP_ANALYSIS = YES;
				CLANG_WARN_STRICT_PROTOTYPES = YES;
				CLANG_WARN_SUSPICIOUS_MOVE = YES;
				CLANG_WARN_UNGUARDED_AVAILABILITY = YES_AGGRESSIVE;
				CLANG_WARN_UNREACHABLE_CODE = YES;
				CLANG_WARN__DUPLICATE_METHOD_MATCH = YES;
				COPY_PHASE_STRIP = NO;
				DEBUG_INFORMATION_FORMAT = dwarf;
				ENABLE_STRICT_OBJC_MSGSEND = YES;
				ENABLE_TESTABILITY = YES;
				GCC_C_LANGUAGE_STANDARD = gnu11;
				GCC_DYNAMIC_NO_PIC = NO;
				GCC_NO_COMMON_BLOCKS = YES;
				GCC_OPTIMIZATION_LEVEL = 0;
				GCC_PREPROCESSOR_DEFINITIONS = (
					"DEBUG=1",
					"$(inherited)",
				);
				GCC_WARN_64_TO_32_BIT_CONVERSION = YES;
				GCC_WARN_ABOUT_RETURN_TYPE = YES_ERROR;
				GCC_WARN_UNDECLARED_SELECTOR = YES;
				GCC_WARN_UNINITIALIZED_AUTOS = YES_AGGRESSIVE;
				GCC_WARN_UNUSED_FUNCTION = YES;
				GCC_WARN_UNUSED_VARIABLE = YES;
				IPHONEOS_DEPLOYMENT_TARGET = 16.1;
				MTL_ENABLE_DEBUG_INFO = INCLUDE_SOURCE;
				MTL_FAST_MATH = YES;
				ONLY_ACTIVE_ARCH = YES;
				SDKROOT = iphoneos;
				SWIFT_ACTIVE_COMPILATION_CONDITIONS = DEBUG;
				SWIFT_OPTIMIZATION_LEVEL = "-Onone";
			};
			name = Debug;
		};
		0282DA172A88182E00C5BFC4 /* Release */ = {
			isa = XCBuildConfiguration;
			buildSettings = {
				ALWAYS_SEARCH_USER_PATHS = NO;
				CLANG_ANALYZER_NONNULL = YES;
				CLANG_ANALYZER_NUMBER_OBJECT_CONVERSION = YES_AGGRESSIVE;
				CLANG_CXX_LANGUAGE_STANDARD = "gnu++20";
				CLANG_ENABLE_MODULES = YES;
				CLANG_ENABLE_OBJC_ARC = YES;
				CLANG_ENABLE_OBJC_WEAK = YES;
				CLANG_WARN_BLOCK_CAPTURE_AUTORELEASING = YES;
				CLANG_WARN_BOOL_CONVERSION = YES;
				CLANG_WARN_COMMA = YES;
				CLANG_WARN_CONSTANT_CONVERSION = YES;
				CLANG_WARN_DEPRECATED_OBJC_IMPLEMENTATIONS = YES;
				CLANG_WARN_DIRECT_OBJC_ISA_USAGE = YES_ERROR;
				CLANG_WARN_DOCUMENTATION_COMMENTS = YES;
				CLANG_WARN_EMPTY_BODY = YES;
				CLANG_WARN_ENUM_CONVERSION = YES;
				CLANG_WARN_INFINITE_RECURSION = YES;
				CLANG_WARN_INT_CONVERSION = YES;
				CLANG_WARN_NON_LITERAL_NULL_CONVERSION = YES;
				CLANG_WARN_OBJC_IMPLICIT_RETAIN_SELF = YES;
				CLANG_WARN_OBJC_LITERAL_CONVERSION = YES;
				CLANG_WARN_OBJC_ROOT_CLASS = YES_ERROR;
				CLANG_WARN_QUOTED_INCLUDE_IN_FRAMEWORK_HEADER = YES;
				CLANG_WARN_RANGE_LOOP_ANALYSIS = YES;
				CLANG_WARN_STRICT_PROTOTYPES = YES;
				CLANG_WARN_SUSPICIOUS_MOVE = YES;
				CLANG_WARN_UNGUARDED_AVAILABILITY = YES_AGGRESSIVE;
				CLANG_WARN_UNREACHABLE_CODE = YES;
				CLANG_WARN__DUPLICATE_METHOD_MATCH = YES;
				COPY_PHASE_STRIP = NO;
				DEBUG_INFORMATION_FORMAT = "dwarf-with-dsym";
				ENABLE_NS_ASSERTIONS = NO;
				ENABLE_STRICT_OBJC_MSGSEND = YES;
				GCC_C_LANGUAGE_STANDARD = gnu11;
				GCC_NO_COMMON_BLOCKS = YES;
				GCC_WARN_64_TO_32_BIT_CONVERSION = YES;
				GCC_WARN_ABOUT_RETURN_TYPE = YES_ERROR;
				GCC_WARN_UNDECLARED_SELECTOR = YES;
				GCC_WARN_UNINITIALIZED_AUTOS = YES_AGGRESSIVE;
				GCC_WARN_UNUSED_FUNCTION = YES;
				GCC_WARN_UNUSED_VARIABLE = YES;
				IPHONEOS_DEPLOYMENT_TARGET = 16.1;
				MTL_ENABLE_DEBUG_INFO = NO;
				MTL_FAST_MATH = YES;
				SDKROOT = iphoneos;
				SWIFT_COMPILATION_MODE = wholemodule;
				SWIFT_OPTIMIZATION_LEVEL = "-O";
				VALIDATE_PRODUCT = YES;
			};
			name = Release;
		};
		0282DA192A88182E00C5BFC4 /* Debug */ = {
			isa = XCBuildConfiguration;
			buildSettings = {
				ASSETCATALOG_COMPILER_APPICON_NAME = AppIcon;
				ASSETCATALOG_COMPILER_GLOBAL_ACCENT_COLOR_NAME = AccentColor;
				CODE_SIGN_STYLE = Automatic;
				CURRENT_PROJECT_VERSION = 1;
				DEVELOPMENT_TEAM = K32R92XPQ2;
				GENERATE_INFOPLIST_FILE = YES;
				INFOPLIST_FILE = TwitterTutorial/Info.plist;
				INFOPLIST_KEY_UIApplicationSupportsIndirectInputEvents = YES;
				INFOPLIST_KEY_UILaunchStoryboardName = LaunchScreen;
				INFOPLIST_KEY_UIMainStoryboardFile = Main;
				INFOPLIST_KEY_UISupportedInterfaceOrientations_iPad = "UIInterfaceOrientationPortrait UIInterfaceOrientationPortraitUpsideDown UIInterfaceOrientationLandscapeLeft UIInterfaceOrientationLandscapeRight";
				INFOPLIST_KEY_UISupportedInterfaceOrientations_iPhone = "UIInterfaceOrientationPortrait UIInterfaceOrientationLandscapeLeft UIInterfaceOrientationLandscapeRight";
				LD_RUNPATH_SEARCH_PATHS = (
					"$(inherited)",
					"@executable_path/Frameworks",
				);
				MARKETING_VERSION = 1.0;
				PRODUCT_BUNDLE_IDENTIFIER = com.narurama.TwitterTutorial;
				PRODUCT_NAME = "$(TARGET_NAME)";
				SWIFT_EMIT_LOC_STRINGS = YES;
				SWIFT_VERSION = 5.0;
				TARGETED_DEVICE_FAMILY = "1,2";
			};
			name = Debug;
		};
		0282DA1A2A88182E00C5BFC4 /* Release */ = {
			isa = XCBuildConfiguration;
			buildSettings = {
				ASSETCATALOG_COMPILER_APPICON_NAME = AppIcon;
				ASSETCATALOG_COMPILER_GLOBAL_ACCENT_COLOR_NAME = AccentColor;
				CODE_SIGN_STYLE = Automatic;
				CURRENT_PROJECT_VERSION = 1;
				DEVELOPMENT_TEAM = K32R92XPQ2;
				GENERATE_INFOPLIST_FILE = YES;
				INFOPLIST_FILE = TwitterTutorial/Info.plist;
				INFOPLIST_KEY_UIApplicationSupportsIndirectInputEvents = YES;
				INFOPLIST_KEY_UILaunchStoryboardName = LaunchScreen;
				INFOPLIST_KEY_UIMainStoryboardFile = Main;
				INFOPLIST_KEY_UISupportedInterfaceOrientations_iPad = "UIInterfaceOrientationPortrait UIInterfaceOrientationPortraitUpsideDown UIInterfaceOrientationLandscapeLeft UIInterfaceOrientationLandscapeRight";
				INFOPLIST_KEY_UISupportedInterfaceOrientations_iPhone = "UIInterfaceOrientationPortrait UIInterfaceOrientationLandscapeLeft UIInterfaceOrientationLandscapeRight";
				LD_RUNPATH_SEARCH_PATHS = (
					"$(inherited)",
					"@executable_path/Frameworks",
				);
				MARKETING_VERSION = 1.0;
				PRODUCT_BUNDLE_IDENTIFIER = com.narurama.TwitterTutorial;
				PRODUCT_NAME = "$(TARGET_NAME)";
				SWIFT_EMIT_LOC_STRINGS = YES;
				SWIFT_VERSION = 5.0;
				TARGETED_DEVICE_FAMILY = "1,2";
			};
			name = Release;
		};
/* End XCBuildConfiguration section */

/* Begin XCConfigurationList section */
		0282D9FF2A88182D00C5BFC4 /* Build configuration list for PBXProject "TwitterTutorial" */ = {
			isa = XCConfigurationList;
			buildConfigurations = (
				0282DA162A88182E00C5BFC4 /* Debug */,
				0282DA172A88182E00C5BFC4 /* Release */,
			);
			defaultConfigurationIsVisible = 0;
			defaultConfigurationName = Release;
		};
		0282DA182A88182E00C5BFC4 /* Build configuration list for PBXNativeTarget "TwitterTutorial" */ = {
			isa = XCConfigurationList;
			buildConfigurations = (
				0282DA192A88182E00C5BFC4 /* Debug */,
				0282DA1A2A88182E00C5BFC4 /* Release */,
			);
			defaultConfigurationIsVisible = 0;
			defaultConfigurationName = Release;
		};
/* End XCConfigurationList section */
	};
	rootObject = 0282D9FC2A88182D00C5BFC4 /* Project object */;
}
